// !$*UTF8*$!
{
	archiveVersion = 1;
	classes = {
	};
	objectVersion = 46;
	objects = {

/* Begin PBXBuildFile section */
		9F226A7C1CF737860013D078 /* AppDelegate.swift in Sources */ = {isa = PBXBuildFile; fileRef = 9F226A7B1CF737860013D078 /* AppDelegate.swift */; };
		9F226A7E1CF737860013D078 /* MasterViewController.swift in Sources */ = {isa = PBXBuildFile; fileRef = 9F226A7D1CF737860013D078 /* MasterViewController.swift */; };
		9F226A801CF737860013D078 /* DetailViewController.swift in Sources */ = {isa = PBXBuildFile; fileRef = 9F226A7F1CF737860013D078 /* DetailViewController.swift */; };
		9F226A831CF737860013D078 /* Main.storyboard in Resources */ = {isa = PBXBuildFile; fileRef = 9F226A811CF737860013D078 /* Main.storyboard */; };
		9F226A851CF737860013D078 /* Assets.xcassets in Resources */ = {isa = PBXBuildFile; fileRef = 9F226A841CF737860013D078 /* Assets.xcassets */; };
		9F226A881CF737860013D078 /* LaunchScreen.storyboard in Resources */ = {isa = PBXBuildFile; fileRef = 9F226A861CF737860013D078 /* LaunchScreen.storyboard */; };
		9F226A901CF737F80013D078 /* GoogleService-Info.plist in Resources */ = {isa = PBXBuildFile; fileRef = 9F226A8F1CF737F80013D078 /* GoogleService-Info.plist */; };
		AB11E6787A6E66FCE978B9F1 /* Pods_Whisper.framework in Frameworks */ = {isa = PBXBuildFile; fileRef = AB564C98468DC748EB4157B9 /* Pods_Whisper.framework */; };
/* End PBXBuildFile section */

/* Begin PBXFileReference section */
		67DF6D626971E20264E9B662 /* Pods-Whisper.debug.xcconfig */ = {isa = PBXFileReference; includeInIndex = 1; lastKnownFileType = text.xcconfig; name = "Pods-Whisper.debug.xcconfig"; path = "Pods/Target Support Files/Pods-Whisper/Pods-Whisper.debug.xcconfig"; sourceTree = "<group>"; };
		9F226A781CF737860013D078 /* Whisper.app */ = {isa = PBXFileReference; explicitFileType = wrapper.application; includeInIndex = 0; path = Whisper.app; sourceTree = BUILT_PRODUCTS_DIR; };
		9F226A7B1CF737860013D078 /* AppDelegate.swift */ = {isa = PBXFileReference; lastKnownFileType = sourcecode.swift; path = AppDelegate.swift; sourceTree = "<group>"; };
		9F226A7D1CF737860013D078 /* MasterViewController.swift */ = {isa = PBXFileReference; lastKnownFileType = sourcecode.swift; path = MasterViewController.swift; sourceTree = "<group>"; };
		9F226A7F1CF737860013D078 /* DetailViewController.swift */ = {isa = PBXFileReference; lastKnownFileType = sourcecode.swift; path = DetailViewController.swift; sourceTree = "<group>"; };
		9F226A821CF737860013D078 /* Base */ = {isa = PBXFileReference; lastKnownFileType = file.storyboard; name = Base; path = Base.lproj/Main.storyboard; sourceTree = "<group>"; };
		9F226A841CF737860013D078 /* Assets.xcassets */ = {isa = PBXFileReference; lastKnownFileType = folder.assetcatalog; path = Assets.xcassets; sourceTree = "<group>"; };
		9F226A871CF737860013D078 /* Base */ = {isa = PBXFileReference; lastKnownFileType = file.storyboard; name = Base; path = Base.lproj/LaunchScreen.storyboard; sourceTree = "<group>"; };
		9F226A891CF737860013D078 /* Info.plist */ = {isa = PBXFileReference; lastKnownFileType = text.plist.xml; path = Info.plist; sourceTree = "<group>"; };
		9F226A8F1CF737F80013D078 /* GoogleService-Info.plist */ = {isa = PBXFileReference; fileEncoding = 4; lastKnownFileType = text.plist.xml; path = "GoogleService-Info.plist"; sourceTree = "<group>"; };
		AB564C98468DC748EB4157B9 /* Pods_Whisper.framework */ = {isa = PBXFileReference; explicitFileType = wrapper.framework; includeInIndex = 0; path = Pods_Whisper.framework; sourceTree = BUILT_PRODUCTS_DIR; };
		C38642C64D3B7CEE8B4FAED2 /* Pods-Whisper.release.xcconfig */ = {isa = PBXFileReference; includeInIndex = 1; lastKnownFileType = text.xcconfig; name = "Pods-Whisper.release.xcconfig"; path = "Pods/Target Support Files/Pods-Whisper/Pods-Whisper.release.xcconfig"; sourceTree = "<group>"; };
/* End PBXFileReference section */

/* Begin PBXFrameworksBuildPhase section */
		9F226A751CF737860013D078 /* Frameworks */ = {
			isa = PBXFrameworksBuildPhase;
			buildActionMask = 2147483647;
			files = (
				AB11E6787A6E66FCE978B9F1 /* Pods_Whisper.framework in Frameworks */,
			);
			runOnlyForDeploymentPostprocessing = 0;
		};
/* End PBXFrameworksBuildPhase section */

/* Begin PBXGroup section */
		1226539A8BC4C91D47924FA6 /* Frameworks */ = {
			isa = PBXGroup;
			children = (
				AB564C98468DC748EB4157B9 /* Pods_Whisper.framework */,
			);
			name = Frameworks;
			sourceTree = "<group>";
		};
		9F226A6F1CF737860013D078 = {
			isa = PBXGroup;
			children = (
				9F226A7A1CF737860013D078 /* Whisper */,
				9F226A791CF737860013D078 /* Products */,
				9F226A8F1CF737F80013D078 /* GoogleService-Info.plist */,
				D4D6D1F094065E5A84B7EBB3 /* Pods */,
				1226539A8BC4C91D47924FA6 /* Frameworks */,
			);
			sourceTree = "<group>";
		};
		9F226A791CF737860013D078 /* Products */ = {
			isa = PBXGroup;
			children = (
				9F226A781CF737860013D078 /* Whisper.app */,
			);
			name = Products;
			sourceTree = "<group>";
		};
		9F226A7A1CF737860013D078 /* Whisper */ = {
			isa = PBXGroup;
			children = (
				9F226A7B1CF737860013D078 /* AppDelegate.swift */,
				9F226A7D1CF737860013D078 /* MasterViewController.swift */,
				9F226A7F1CF737860013D078 /* DetailViewController.swift */,
				9F226A811CF737860013D078 /* Main.storyboard */,
				9F226A841CF737860013D078 /* Assets.xcassets */,
				9F226A861CF737860013D078 /* LaunchScreen.storyboard */,
				9F226A891CF737860013D078 /* Info.plist */,
			);
			path = Whisper;
			sourceTree = "<group>";
		};
		D4D6D1F094065E5A84B7EBB3 /* Pods */ = {
			isa = PBXGroup;
			children = (
				67DF6D626971E20264E9B662 /* Pods-Whisper.debug.xcconfig */,
				C38642C64D3B7CEE8B4FAED2 /* Pods-Whisper.release.xcconfig */,
			);
			name = Pods;
			sourceTree = "<group>";
		};
/* End PBXGroup section */

/* Begin PBXNativeTarget section */
		9F226A771CF737860013D078 /* Whisper */ = {
			isa = PBXNativeTarget;
			buildConfigurationList = 9F226A8C1CF737860013D078 /* Build configuration list for PBXNativeTarget "Whisper" */;
			buildPhases = (
				F038F7E0FC190E6AAB45A5DE /* 📦 Check Pods Manifest.lock */,
				9F226A741CF737860013D078 /* Sources */,
				9F226A751CF737860013D078 /* Frameworks */,
				9F226A761CF737860013D078 /* Resources */,
				EEB24C26C4EACC60572D6DF3 /* 📦 Embed Pods Frameworks */,
				98E2220C1DC936C825F210EA /* 📦 Copy Pods Resources */,
			);
			buildRules = (
			);
			dependencies = (
			);
			name = Whisper;
			productName = Whisper;
			productReference = 9F226A781CF737860013D078 /* Whisper.app */;
			productType = "com.apple.product-type.application";
		};
/* End PBXNativeTarget section */

/* Begin PBXProject section */
		9F226A701CF737860013D078 /* Project object */ = {
			isa = PBXProject;
			attributes = {
				LastSwiftUpdateCheck = 0730;
				LastUpgradeCheck = 0730;
				ORGANIZATIONNAME = "Allen Spicer";
				TargetAttributes = {
					9F226A771CF737860013D078 = {
						CreatedOnToolsVersion = 7.3;
						DevelopmentTeam = 4VV96EYWM8;
					};
				};
			};
			buildConfigurationList = 9F226A731CF737860013D078 /* Build configuration list for PBXProject "Whisper" */;
			compatibilityVersion = "Xcode 3.2";
			developmentRegion = English;
			hasScannedForEncodings = 0;
			knownRegions = (
				en,
				Base,
			);
			mainGroup = 9F226A6F1CF737860013D078;
			productRefGroup = 9F226A791CF737860013D078 /* Products */;
			projectDirPath = "";
			projectRoot = "";
			targets = (
				9F226A771CF737860013D078 /* Whisper */,
			);
		};
/* End PBXProject section */

/* Begin PBXResourcesBuildPhase section */
		9F226A761CF737860013D078 /* Resources */ = {
			isa = PBXResourcesBuildPhase;
			buildActionMask = 2147483647;
			files = (
				9F226A881CF737860013D078 /* LaunchScreen.storyboard in Resources */,
				9F226A901CF737F80013D078 /* GoogleService-Info.plist in Resources */,
				9F226A851CF737860013D078 /* Assets.xcassets in Resources */,
				9F226A831CF737860013D078 /* Main.storyboard in Resources */,
			);
			runOnlyForDeploymentPostprocessing = 0;
		};
/* End PBXResourcesBuildPhase section */

/* Begin PBXShellScriptBuildPhase section */
		98E2220C1DC936C825F210EA /* 📦 Copy Pods Resources */ = {
			isa = PBXShellScriptBuildPhase;
			buildActionMask = 2147483647;
			files = (
			);
			inputPaths = (
			);
			name = "📦 Copy Pods Resources";
			outputPaths = (
			);
			runOnlyForDeploymentPostprocessing = 0;
			shellPath = /bin/sh;
			shellScript = "\"${SRCROOT}/Pods/Target Support Files/Pods-Whisper/Pods-Whisper-resources.sh\"\n";
			showEnvVarsInLog = 0;
		};
		EEB24C26C4EACC60572D6DF3 /* 📦 Embed Pods Frameworks */ = {
			isa = PBXShellScriptBuildPhase;
			buildActionMask = 2147483647;
			files = (
			);
			inputPaths = (
			);
			name = "📦 Embed Pods Frameworks";
			outputPaths = (
			);
			runOnlyForDeploymentPostprocessing = 0;
			shellPath = /bin/sh;
			shellScript = "\"${SRCROOT}/Pods/Target Support Files/Pods-Whisper/Pods-Whisper-frameworks.sh\"\n";
			showEnvVarsInLog = 0;
		};
		F038F7E0FC190E6AAB45A5DE /* 📦 Check Pods Manifest.lock */ = {
			isa = PBXShellScriptBuildPhase;
			buildActionMask = 2147483647;
			files = (
			);
			inputPaths = (
			);
			name = "📦 Check Pods Manifest.lock";
			outputPaths = (
			);
			runOnlyForDeploymentPostprocessing = 0;
			shellPath = /bin/sh;
			shellScript = "diff \"${PODS_ROOT}/../Podfile.lock\" \"${PODS_ROOT}/Manifest.lock\" > /dev/null\nif [[ $? != 0 ]] ; then\n    cat << EOM\nerror: The sandbox is not in sync with the Podfile.lock. Run 'pod install' or update your CocoaPods installation.\nEOM\n    exit 1\nfi\n";
			showEnvVarsInLog = 0;
		};
/* End PBXShellScriptBuildPhase section */

/* Begin PBXSourcesBuildPhase section */
		9F226A741CF737860013D078 /* Sources */ = {
			isa = PBXSourcesBuildPhase;
			buildActionMask = 2147483647;
			files = (
				9F226A801CF737860013D078 /* DetailViewController.swift in Sources */,
				9F226A7E1CF737860013D078 /* MasterViewController.swift in Sources */,
				9F226A7C1CF737860013D078 /* AppDelegate.swift in Sources */,
			);
			runOnlyForDeploymentPostprocessing = 0;
		};
/* End PBXSourcesBuildPhase section */

/* Begin PBXVariantGroup section */
		9F226A811CF737860013D078 /* Main.storyboard */ = {
			isa = PBXVariantGroup;
			children = (
				9F226A821CF737860013D078 /* Base */,
			);
			name = Main.storyboard;
			sourceTree = "<group>";
		};
		9F226A861CF737860013D078 /* LaunchScreen.storyboard */ = {
			isa = PBXVariantGroup;
			children = (
				9F226A871CF737860013D078 /* Base */,
			);
			name = LaunchScreen.storyboard;
			sourceTree = "<group>";
		};
/* End PBXVariantGroup section */

/* Begin XCBuildConfiguration section */
		9F226A8A1CF737860013D078 /* Debug */ = {
			isa = XCBuildConfiguration;
			buildSettings = {
				ALWAYS_SEARCH_USER_PATHS = NO;
				CLANG_ANALYZER_NONNULL = YES;
				CLANG_CXX_LANGUAGE_STANDARD = "gnu++0x";
				CLANG_CXX_LIBRARY = "libc++";
				CLANG_ENABLE_MODULES = YES;
				CLANG_ENABLE_OBJC_ARC = YES;
				CLANG_WARN_BOOL_CONVERSION = YES;
				CLANG_WARN_CONSTANT_CONVERSION = YES;
				CLANG_WARN_DIRECT_OBJC_ISA_USAGE = YES_ERROR;
				CLANG_WARN_EMPTY_BODY = YES;
				CLANG_WARN_ENUM_CONVERSION = YES;
				CLANG_WARN_INT_CONVERSION = YES;
				CLANG_WARN_OBJC_ROOT_CLASS = YES_ERROR;
				CLANG_WARN_UNREACHABLE_CODE = YES;
				CLANG_WARN__DUPLICATE_METHOD_MATCH = YES;
				"CODE_SIGN_IDENTITY[sdk=iphoneos*]" = "iPhone Developer";
				COPY_PHASE_STRIP = NO;
				DEBUG_INFORMATION_FORMAT = dwarf;
				ENABLE_STRICT_OBJC_MSGSEND = YES;
				ENABLE_TESTABILITY = YES;
				GCC_C_LANGUAGE_STANDARD = gnu99;
				GCC_DYNAMIC_NO_PIC = NO;
				GCC_NO_COMMON_BLOCKS = YES;
				GCC_OPTIMIZATION_LEVEL = 0;
				GCC_PREPROCESSOR_DEFINITIONS = (
					"DEBUG=1",
					"$(inherited)",
				);
				GCC_WARN_64_TO_32_BIT_CONVERSION = YES;
				GCC_WARN_ABOUT_RETURN_TYPE = YES_ERROR;
				GCC_WARN_UNDECLARED_SELECTOR = YES;
				GCC_WARN_UNINITIALIZED_AUTOS = YES_AGGRESSIVE;
				GCC_WARN_UNUSED_FUNCTION = YES;
				GCC_WARN_UNUSED_VARIABLE = YES;
				IPHONEOS_DEPLOYMENT_TARGET = 9.3;
				MTL_ENABLE_DEBUG_INFO = YES;
				ONLY_ACTIVE_ARCH = YES;
				SDKROOT = iphoneos;
				SWIFT_OPTIMIZATION_LEVEL = "-Onone";
				TARGETED_DEVICE_FAMILY = "1,2";
			};
			name = Debug;
		};
		9F226A8B1CF737860013D078 /* Release */ = {
			isa = XCBuildConfiguration;
			buildSettings = {
				ALWAYS_SEARCH_USER_PATHS = NO;
				CLANG_ANALYZER_NONNULL = YES;
				CLANG_CXX_LANGUAGE_STANDARD = "gnu++0x";
				CLANG_CXX_LIBRARY = "libc++";
				CLANG_ENABLE_MODULES = YES;
				CLANG_ENABLE_OBJC_ARC = YES;
				CLANG_WARN_BOOL_CONVERSION = YES;
				CLANG_WARN_CONSTANT_CONVERSION = YES;
				CLANG_WARN_DIRECT_OBJC_ISA_USAGE = YES_ERROR;
				CLANG_WARN_EMPTY_BODY = YES;
				CLANG_WARN_ENUM_CONVERSION = YES;
				CLANG_WARN_INT_CONVERSION = YES;
				CLANG_WARN_OBJC_ROOT_CLASS = YES_ERROR;
				CLANG_WARN_UNREACHABLE_CODE = YES;
				CLANG_WARN__DUPLICATE_METHOD_MATCH = YES;
				"CODE_SIGN_IDENTITY[sdk=iphoneos*]" = "iPhone Developer";
				COPY_PHASE_STRIP = NO;
				DEBUG_INFORMATION_FORMAT = "dwarf-with-dsym";
				ENABLE_NS_ASSERTIONS = NO;
				ENABLE_STRICT_OBJC_MSGSEND = YES;
				GCC_C_LANGUAGE_STANDARD = gnu99;
				GCC_NO_COMMON_BLOCKS = YES;
				GCC_WARN_64_TO_32_BIT_CONVERSION = YES;
				GCC_WARN_ABOUT_RETURN_TYPE = YES_ERROR;
				GCC_WARN_UNDECLARED_SELECTOR = YES;
				GCC_WARN_UNINITIALIZED_AUTOS = YES_AGGRESSIVE;
				GCC_WARN_UNUSED_FUNCTION = YES;
				GCC_WARN_UNUSED_VARIABLE = YES;
				IPHONEOS_DEPLOYMENT_TARGET = 9.3;
				MTL_ENABLE_DEBUG_INFO = NO;
				SDKROOT = iphoneos;
				TARGETED_DEVICE_FAMILY = "1,2";
				VALIDATE_PRODUCT = YES;
			};
			name = Release;
		};
		9F226A8D1CF737860013D078 /* Debug */ = {
			isa = XCBuildConfiguration;
			baseConfigurationReference = 67DF6D626971E20264E9B662 /* Pods-Whisper.debug.xcconfig */;
			buildSettings = {
				ASSETCATALOG_COMPILER_APPICON_NAME = AppIcon;
				CODE_SIGN_IDENTITY = "iPhone Developer";
				INFOPLIST_FILE = Whisper/Info.plist;
				LD_RUNPATH_SEARCH_PATHS = "$(inherited) @executable_path/Frameworks";
				PRODUCT_BUNDLE_IDENTIFIER = com.Trial.Whisper;
				PRODUCT_NAME = "$(TARGET_NAME)";
			};
			name = Debug;
		};
		9F226A8E1CF737860013D078 /* Release */ = {
			isa = XCBuildConfiguration;
			baseConfigurationReference = C38642C64D3B7CEE8B4FAED2 /* Pods-Whisper.release.xcconfig */;
			buildSettings = {
				ASSETCATALOG_COMPILER_APPICON_NAME = AppIcon;
				CODE_SIGN_IDENTITY = "iPhone Developer";
				INFOPLIST_FILE = Whisper/Info.plist;
				LD_RUNPATH_SEARCH_PATHS = "$(inherited) @executable_path/Frameworks";
				PRODUCT_BUNDLE_IDENTIFIER = com.Trial.Whisper;
				PRODUCT_NAME = "$(TARGET_NAME)";
			};
			name = Release;
		};
/* End XCBuildConfiguration section */

/* Begin XCConfigurationList section */
		9F226A731CF737860013D078 /* Build configuration list for PBXProject "Whisper" */ = {
			isa = XCConfigurationList;
			buildConfigurations = (
				9F226A8A1CF737860013D078 /* Debug */,
				9F226A8B1CF737860013D078 /* Release */,
			);
			defaultConfigurationIsVisible = 0;
			defaultConfigurationName = Release;
		};
		9F226A8C1CF737860013D078 /* Build configuration list for PBXNativeTarget "Whisper" */ = {
			isa = XCConfigurationList;
			buildConfigurations = (
				9F226A8D1CF737860013D078 /* Debug */,
				9F226A8E1CF737860013D078 /* Release */,
			);
			defaultConfigurationIsVisible = 0;
			defaultConfigurationName = Release;
		};
/* End XCConfigurationList section */
	};
	rootObject = 9F226A701CF737860013D078 /* Project object */;
}
